Microsoft Visual Studio Solution File, Format Version 12.00
# Visual Studio Version 17
VisualStudioVersion = 17.5.2.0
MinimumVisualStudioVersion = 10.0.40219.1
Project("{FAE04EC0-301F-11D3-BF4B-00C04F79EFBC}") = "contact_api", "contact_api\contact_api.csproj", "{DC538621-0CA3-C001-910C-47A8BE2E1B86}"
EndProject
Global
	GlobalSection(SolutionConfigurationPlatforms) = preSolution
		Debug|Any CPU = Debug|Any CPU
		Release|Any CPU = Release|Any CPU
	EndGlobalSection
	GlobalSection(ProjectConfigurationPlatforms) = postSolution
		{DC538621-0CA3-C001-910C-47A8BE2E1B86}.Debug|Any CPU.ActiveCfg = Debug|Any CPU
		{DC538621-0CA3-C001-910C-47A8BE2E1B86}.Debug|Any CPU.Build.0 = Debug|Any CPU
		{DC538621-0CA3-C001-910C-47A8BE2E1B86}.Release|Any CPU.ActiveCfg = Release|Any CPU
		{DC538621-0CA3-C001-910C-47A8BE2E1B86}.Release|Any CPU.Build.0 = Release|Any CPU
	EndGlobalSection
	GlobalSection(SolutionProperties) = preSolution
		HideSolutionNode = FALSE
	EndGlobalSection
	GlobalSection(ExtensibilityGlobals) = postSolution
		SolutionGuid = {19A4CED3-DE66-4872-A1C3-09639F9B250E}
	EndGlobalSection
EndGlobal
